
Microsoft Visual Studio Solution File, Format Version 12.00
# Visual Studio Version 17
VisualStudioVersion = 17.14.36221.1 d17.14
MinimumVisualStudioVersion = 10.0.40219.1
Project("{FAE04EC0-301F-11D3-BF4B-00C04F79EFBC}") = "SMB.eServe.DocPulse", "SMB.eServe.DocPulse.csproj", "{4134F032-593F-4A1A-B5DA-CF374EBB04B9}"
EndProject
Global
	GlobalSection(SolutionConfigurationPlatforms) = preSolution
		Debug|Any CPU = Debug|Any CPU
		Release|Any CPU = Release|Any CPU
	EndGlobalSection
	GlobalSection(ProjectConfigurationPlatforms) = postSolution
		{4134F032-593F-4A1A-B5DA-CF374EBB04B9}.Debug|Any CPU.ActiveCfg = Debug|Any CPU
		{4134F032-593F-4A1A-B5DA-CF374EBB04B9}.Debug|Any CPU.Build.0 = Debug|Any CPU
		{4134F032-593F-4A1A-B5DA-CF374EBB04B9}.Release|Any CPU.ActiveCfg = Release|Any CPU
		{4134F032-593F-4A1A-B5DA-CF374EBB04B9}.Release|Any CPU.Build.0 = Release|Any CPU
	EndGlobalSection
	GlobalSection(SolutionProperties) = preSolution
		HideSolutionNode = FALSE
	EndGlobalSection
	GlobalSection(ExtensibilityGlobals) = postSolution
		SolutionGuid = {B42F0D82-3650-4683-B2EE-4F09FCD85F4D}
	EndGlobalSection
EndGlobal
